
Microsoft Visual Studio Solution File, Format Version 12.00
# Visual Studio 15
VisualStudioVersion = 15.0.26228.9
MinimumVisualStudioVersion = 10.0.40219.1
Project("{8BC9CEB8-8B4A-11D0-8D11-00A0C91BC942}") = "Exam01-count", "CppBasic\CppBasic.vcxproj", "{0857327E-ACD3-4B61-A503-DD7B531B6937}"
EndProject
Project("{8BC9CEB8-8B4A-11D0-8D11-00A0C91BC942}") = "Exam02-cin", "Exam02\Exam02.vcxproj", "{C118C171-836B-4C5F-8AA7-25C09F07ADF1}"
EndProject
Project("{8BC9CEB8-8B4A-11D0-8D11-00A0C91BC942}") = "Exam03-MultiInput", "Exam03-MultiInput\Exam03-MultiInput.vcxproj", "{3187AFF0-598C-4AFC-876C-61ED9F88C5EC}"
EndProject
Project("{8BC9CEB8-8B4A-11D0-8D11-00A0C91BC942}") = "Exam04-ArrayInput", "Exam04-ArrayInput\Exam04-ArrayInput.vcxproj", "{D87C24B7-437B-4126-9596-AD9D391C24F2}"
EndProject
Project("{8BC9CEB8-8B4A-11D0-8D11-00A0C91BC942}") = "Exam05-Overloading", "Exam05-Overloading\Exam05-Overloading.vcxproj", "{A4CA03CD-EBB9-4C85-9708-E6FD4C91471C}"
EndProject
Project("{8BC9CEB8-8B4A-11D0-8D11-00A0C91BC942}") = "Exam06-DefaultValue", "Exam06-DefaultValue\Exam06-DefaultValue.vcxproj", "{6898E300-AE76-4FE1-B50C-EB2B303FF65D}"
EndProject
Project("{8BC9CEB8-8B4A-11D0-8D11-00A0C91BC942}") = "Exam07-namespace", "Exam07-namespace\Exam07-namespace.vcxproj", "{41A3D9C4-4493-4305-A9CF-2A2C4F68F73D}"
EndProject
Project("{8BC9CEB8-8B4A-11D0-8D11-00A0C91BC942}") = "Exam08-Using", "Exam08-Using\Exam08-Using.vcxproj", "{DB5D7407-9EA7-4622-A2EA-2CBD0FD2D6B2}"
EndProject
Project("{8BC9CEB8-8B4A-11D0-8D11-00A0C91BC942}") = "Exam09-NameSpaceAlias", "Exam09-NameSpaceAlias\Exam09-NameSpaceAlias.vcxproj", "{9AEE1F09-17EB-4588-9FD0-ED3A70B66CA0}"
EndProject
Project("{8BC9CEB8-8B4A-11D0-8D11-00A0C91BC942}") = "Exam10-Reference", "Exam10-Reference\Exam10-Reference.vcxproj", "{BF96EC96-EF5E-4354-8EAF-70545696170E}"
EndProject
Project("{8BC9CEB8-8B4A-11D0-8D11-00A0C91BC942}") = "Exam11-ReferenceArrayElament", "Exam11-ReferenceArrayElament\Exam11-ReferenceArrayElament.vcxproj", "{8C444CA0-51C9-4AE2-BEFA-CC37DAF683A8}"
EndProject
Project("{8BC9CEB8-8B4A-11D0-8D11-00A0C91BC942}") = "Exam12-ReferenceSwap", "Exam12-ReferenceSwap\Exam12-ReferenceSwap.vcxproj", "{A211E0CA-10A9-4F14-A234-84F1442E3821}"
EndProject
Project("{8BC9CEB8-8B4A-11D0-8D11-00A0C91BC942}") = "Exam13-ReferenceReturn", "Exam13-ReferenceReturn\Exam13-ReferenceReturn.vcxproj", "{2E2CC27D-9976-4978-A11B-F298DD8B1DB5}"
EndProject
Project("{8BC9CEB8-8B4A-11D0-8D11-00A0C91BC942}") = "Exam14-NewDelete", "Exam14-NewDelete\Exam14-NewDelete.vcxproj", "{013302C8-FC67-454E-BDF5-9814FB3C8487}"
EndProject
Project("{8BC9CEB8-8B4A-11D0-8D11-00A0C91BC942}") = "Exam15-StandardCFunction", "Exam15-StandardCFunction\Exam15-StandardCFunction.vcxproj", "{20BE256C-C794-4807-8D77-57AA53CE3985}"
EndProject
Project("{8BC9CEB8-8B4A-11D0-8D11-00A0C91BC942}") = "Quiz", "Quiz\Quiz.vcxproj", "{50C73B9E-EDD6-48D5-9CFB-913F16E7943E}"
EndProject
Global
	GlobalSection(SolutionConfigurationPlatforms) = preSolution
		Debug|x64 = Debug|x64
		Debug|x86 = Debug|x86
		Release|x64 = Release|x64
		Release|x86 = Release|x86
	EndGlobalSection
	GlobalSection(ProjectConfigurationPlatforms) = postSolution
		{0857327E-ACD3-4B61-A503-DD7B531B6937}.Debug|x64.ActiveCfg = Debug|x64
		{0857327E-ACD3-4B61-A503-DD7B531B6937}.Debug|x64.Build.0 = Debug|x64
		{0857327E-ACD3-4B61-A503-DD7B531B6937}.Debug|x86.ActiveCfg = Debug|Win32
		{0857327E-ACD3-4B61-A503-DD7B531B6937}.Debug|x86.Build.0 = Debug|Win32
		{0857327E-ACD3-4B61-A503-DD7B531B6937}.Release|x64.ActiveCfg = Release|x64
		{0857327E-ACD3-4B61-A503-DD7B531B6937}.Release|x64.Build.0 = Release|x64
		{0857327E-ACD3-4B61-A503-DD7B531B6937}.Release|x86.ActiveCfg = Release|Win32
		{0857327E-ACD3-4B61-A503-DD7B531B6937}.Release|x86.Build.0 = Release|Win32
		{C118C171-836B-4C5F-8AA7-25C09F07ADF1}.Debug|x64.ActiveCfg = Debug|x64
		{C118C171-836B-4C5F-8AA7-25C09F07ADF1}.Debug|x64.Build.0 = Debug|x64
		{C118C171-836B-4C5F-8AA7-25C09F07ADF1}.Debug|x86.ActiveCfg = Debug|Win32
		{C118C171-836B-4C5F-8AA7-25C09F07ADF1}.Debug|x86.Build.0 = Debug|Win32
		{C118C171-836B-4C5F-8AA7-25C09F07ADF1}.Release|x64.ActiveCfg = Release|x64
		{C118C171-836B-4C5F-8AA7-25C09F07ADF1}.Release|x64.Build.0 = Release|x64
		{C118C171-836B-4C5F-8AA7-25C09F07ADF1}.Release|x86.ActiveCfg = Release|Win32
		{C118C171-836B-4C5F-8AA7-25C09F07ADF1}.Release|x86.Build.0 = Release|Win32
		{3187AFF0-598C-4AFC-876C-61ED9F88C5EC}.Debug|x64.ActiveCfg = Debug|x64
		{3187AFF0-598C-4AFC-876C-61ED9F88C5EC}.Debug|x64.Build.0 = Debug|x64
		{3187AFF0-598C-4AFC-876C-61ED9F88C5EC}.Debug|x86.ActiveCfg = Debug|Win32
		{3187AFF0-598C-4AFC-876C-61ED9F88C5EC}.Debug|x86.Build.0 = Debug|Win32
		{3187AFF0-598C-4AFC-876C-61ED9F88C5EC}.Release|x64.ActiveCfg = Release|x64
		{3187AFF0-598C-4AFC-876C-61ED9F88C5EC}.Release|x64.Build.0 = Release|x64
		{3187AFF0-598C-4AFC-876C-61ED9F88C5EC}.Release|x86.ActiveCfg = Release|Win32
		{3187AFF0-598C-4AFC-876C-61ED9F88C5EC}.Release|x86.Build.0 = Release|Win32
		{D87C24B7-437B-4126-9596-AD9D391C24F2}.Debug|x64.ActiveCfg = Debug|x64
		{D87C24B7-437B-4126-9596-AD9D391C24F2}.Debug|x64.Build.0 = Debug|x64
		{D87C24B7-437B-4126-9596-AD9D391C24F2}.Debug|x86.ActiveCfg = Debug|Win32
		{D87C24B7-437B-4126-9596-AD9D391C24F2}.Debug|x86.Build.0 = Debug|Win32
		{D87C24B7-437B-4126-9596-AD9D391C24F2}.Release|x64.ActiveCfg = Release|x64
		{D87C24B7-437B-4126-9596-AD9D391C24F2}.Release|x64.Build.0 = Release|x64
		{D87C24B7-437B-4126-9596-AD9D391C24F2}.Release|x86.ActiveCfg = Release|Win32
		{D87C24B7-437B-4126-9596-AD9D391C24F2}.Release|x86.Build.0 = Release|Win32
		{A4CA03CD-EBB9-4C85-9708-E6FD4C91471C}.Debug|x64.ActiveCfg = Debug|x64
		{A4CA03CD-EBB9-4C85-9708-E6FD4C91471C}.Debug|x64.Build.0 = Debug|x64
		{A4CA03CD-EBB9-4C85-9708-E6FD4C91471C}.Debug|x86.ActiveCfg = Debug|Win32
		{A4CA03CD-EBB9-4C85-9708-E6FD4C91471C}.Debug|x86.Build.0 = Debug|Win32
		{A4CA03CD-EBB9-4C85-9708-E6FD4C91471C}.Release|x64.ActiveCfg = Release|x64
		{A4CA03CD-EBB9-4C85-9708-E6FD4C91471C}.Release|x64.Build.0 = Release|x64
		{A4CA03CD-EBB9-4C85-9708-E6FD4C91471C}.Release|x86.ActiveCfg = Release|Win32
		{A4CA03CD-EBB9-4C85-9708-E6FD4C91471C}.Release|x86.Build.0 = Release|Win32
		{6898E300-AE76-4FE1-B50C-EB2B303FF65D}.Debug|x64.ActiveCfg = Debug|x64
		{6898E300-AE76-4FE1-B50C-EB2B303FF65D}.Debug|x64.Build.0 = Debug|x64
		{6898E300-AE76-4FE1-B50C-EB2B303FF65D}.Debug|x86.ActiveCfg = Debug|Win32
		{6898E300-AE76-4FE1-B50C-EB2B303FF65D}.Debug|x86.Build.0 = Debug|Win32
		{6898E300-AE76-4FE1-B50C-EB2B303FF65D}.Release|x64.ActiveCfg = Release|x64
		{6898E300-AE76-4FE1-B50C-EB2B303FF65D}.Release|x64.Build.0 = Release|x64
		{6898E300-AE76-4FE1-B50C-EB2B303FF65D}.Release|x86.ActiveCfg = Release|Win32
		{6898E300-AE76-4FE1-B50C-EB2B303FF65D}.Release|x86.Build.0 = Release|Win32
		{41A3D9C4-4493-4305-A9CF-2A2C4F68F73D}.Debug|x64.ActiveCfg = Debug|x64
		{41A3D9C4-4493-4305-A9CF-2A2C4F68F73D}.Debug|x64.Build.0 = Debug|x64
		{41A3D9C4-4493-4305-A9CF-2A2C4F68F73D}.Debug|x86.ActiveCfg = Debug|Win32
		{41A3D9C4-4493-4305-A9CF-2A2C4F68F73D}.Debug|x86.Build.0 = Debug|Win32
		{41A3D9C4-4493-4305-A9CF-2A2C4F68F73D}.Release|x64.ActiveCfg = Release|x64
		{41A3D9C4-4493-4305-A9CF-2A2C4F68F73D}.Release|x64.Build.0 = Release|x64
		{41A3D9C4-4493-4305-A9CF-2A2C4F68F73D}.Release|x86.ActiveCfg = Release|Win32
		{41A3D9C4-4493-4305-A9CF-2A2C4F68F73D}.Release|x86.Build.0 = Release|Win32
		{DB5D7407-9EA7-4622-A2EA-2CBD0FD2D6B2}.Debug|x64.ActiveCfg = Debug|x64
		{DB5D7407-9EA7-4622-A2EA-2CBD0FD2D6B2}.Debug|x64.Build.0 = Debug|x64
		{DB5D7407-9EA7-4622-A2EA-2CBD0FD2D6B2}.Debug|x86.ActiveCfg = Debug|Win32
		{DB5D7407-9EA7-4622-A2EA-2CBD0FD2D6B2}.Debug|x86.Build.0 = Debug|Win32
		{DB5D7407-9EA7-4622-A2EA-2CBD0FD2D6B2}.Release|x64.ActiveCfg = Release|x64
		{DB5D7407-9EA7-4622-A2EA-2CBD0FD2D6B2}.Release|x64.Build.0 = Release|x64
		{DB5D7407-9EA7-4622-A2EA-2CBD0FD2D6B2}.Release|x86.ActiveCfg = Release|Win32
		{DB5D7407-9EA7-4622-A2EA-2CBD0FD2D6B2}.Release|x86.Build.0 = Release|Win32
		{9AEE1F09-17EB-4588-9FD0-ED3A70B66CA0}.Debug|x64.ActiveCfg = Debug|x64
		{9AEE1F09-17EB-4588-9FD0-ED3A70B66CA0}.Debug|x64.Build.0 = Debug|x64
		{9AEE1F09-17EB-4588-9FD0-ED3A70B66CA0}.Debug|x86.ActiveCfg = Debug|Win32
		{9AEE1F09-17EB-4588-9FD0-ED3A70B66CA0}.Debug|x86.Build.0 = Debug|Win32
		{9AEE1F09-17EB-4588-9FD0-ED3A70B66CA0}.Release|x64.ActiveCfg = Release|x64
		{9AEE1F09-17EB-4588-9FD0-ED3A70B66CA0}.Release|x64.Build.0 = Release|x64
		{9AEE1F09-17EB-4588-9FD0-ED3A70B66CA0}.Release|x86.ActiveCfg = Release|Win32
		{9AEE1F09-17EB-4588-9FD0-ED3A70B66CA0}.Release|x86.Build.0 = Release|Win32
		{BF96EC96-EF5E-4354-8EAF-70545696170E}.Debug|x64.ActiveCfg = Debug|x64
		{BF96EC96-EF5E-4354-8EAF-70545696170E}.Debug|x64.Build.0 = Debug|x64
		{BF96EC96-EF5E-4354-8EAF-70545696170E}.Debug|x86.ActiveCfg = Debug|Win32
		{BF96EC96-EF5E-4354-8EAF-70545696170E}.Debug|x86.Build.0 = Debug|Win32
		{BF96EC96-EF5E-4354-8EAF-70545696170E}.Release|x64.ActiveCfg = Release|x64
		{BF96EC96-EF5E-4354-8EAF-70545696170E}.Release|x64.Build.0 = Release|x64
		{BF96EC96-EF5E-4354-8EAF-70545696170E}.Release|x86.ActiveCfg = Release|Win32
		{BF96EC96-EF5E-4354-8EAF-70545696170E}.Release|x86.Build.0 = Release|Win32
		{8C444CA0-51C9-4AE2-BEFA-CC37DAF683A8}.Debug|x64.ActiveCfg = Debug|x64
		{8C444CA0-51C9-4AE2-BEFA-CC37DAF683A8}.Debug|x64.Build.0 = Debug|x64
		{8C444CA0-51C9-4AE2-BEFA-CC37DAF683A8}.Debug|x86.ActiveCfg = Debug|Win32
		{8C444CA0-51C9-4AE2-BEFA-CC37DAF683A8}.Debug|x86.Build.0 = Debug|Win32
		{8C444CA0-51C9-4AE2-BEFA-CC37DAF683A8}.Release|x64.ActiveCfg = Release|x64
		{8C444CA0-51C9-4AE2-BEFA-CC37DAF683A8}.Release|x64.Build.0 = Release|x64
		{8C444CA0-51C9-4AE2-BEFA-CC37DAF683A8}.Release|x86.ActiveCfg = Release|Win32
		{8C444CA0-51C9-4AE2-BEFA-CC37DAF683A8}.Release|x86.Build.0 = Release|Win32
		{A211E0CA-10A9-4F14-A234-84F1442E3821}.Debug|x64.ActiveCfg = Debug|x64
		{A211E0CA-10A9-4F14-A234-84F1442E3821}.Debug|x64.Build.0 = Debug|x64
		{A211E0CA-10A9-4F14-A234-84F1442E3821}.Debug|x86.ActiveCfg = Debug|Win32
		{A211E0CA-10A9-4F14-A234-84F1442E3821}.Debug|x86.Build.0 = Debug|Win32
		{A211E0CA-10A9-4F14-A234-84F1442E3821}.Release|x64.ActiveCfg = Release|x64
		{A211E0CA-10A9-4F14-A234-84F1442E3821}.Release|x64.Build.0 = Release|x64
		{A211E0CA-10A9-4F14-A234-84F1442E3821}.Release|x86.ActiveCfg = Release|Win32
		{A211E0CA-10A9-4F14-A234-84F1442E3821}.Release|x86.Build.0 = Release|Win32
		{2E2CC27D-9976-4978-A11B-F298DD8B1DB5}.Debug|x64.ActiveCfg = Debug|x64
		{2E2CC27D-9976-4978-A11B-F298DD8B1DB5}.Debug|x64.Build.0 = Debug|x64
		{2E2CC27D-9976-4978-A11B-F298DD8B1DB5}.Debug|x86.ActiveCfg = Debug|Win32
		{2E2CC27D-9976-4978-A11B-F298DD8B1DB5}.Debug|x86.Build.0 = Debug|Win32
		{2E2CC27D-9976-4978-A11B-F298DD8B1DB5}.Release|x64.ActiveCfg = Release|x64
		{2E2CC27D-9976-4978-A11B-F298DD8B1DB5}.Release|x64.Build.0 = Release|x64
		{2E2CC27D-9976-4978-A11B-F298DD8B1DB5}.Release|x86.ActiveCfg = Release|Win32
		{2E2CC27D-9976-4978-A11B-F298DD8B1DB5}.Release|x86.Build.0 = Release|Win32
		{013302C8-FC67-454E-BDF5-9814FB3C8487}.Debug|x64.ActiveCfg = Debug|x64
		{013302C8-FC67-454E-BDF5-9814FB3C8487}.Debug|x64.Build.0 = Debug|x64
		{013302C8-FC67-454E-BDF5-9814FB3C8487}.Debug|x86.ActiveCfg = Debug|Win32
		{013302C8-FC67-454E-BDF5-9814FB3C8487}.Debug|x86.Build.0 = Debug|Win32
		{013302C8-FC67-454E-BDF5-9814FB3C8487}.Release|x64.ActiveCfg = Release|x64
		{013302C8-FC67-454E-BDF5-9814FB3C8487}.Release|x64.Build.0 = Release|x64
		{013302C8-FC67-454E-BDF5-9814FB3C8487}.Release|x86.ActiveCfg = Release|Win32
		{013302C8-FC67-454E-BDF5-9814FB3C8487}.Release|x86.Build.0 = Release|Win32
		{20BE256C-C794-4807-8D77-57AA53CE3985}.Debug|x64.ActiveCfg = Debug|x64
		{20BE256C-C794-4807-8D77-57AA53CE3985}.Debug|x64.Build.0 = Debug|x64
		{20BE256C-C794-4807-8D77-57AA53CE3985}.Debug|x86.ActiveCfg = Debug|Win32
		{20BE256C-C794-4807-8D77-57AA53CE3985}.Debug|x86.Build.0 = Debug|Win32
		{20BE256C-C794-4807-8D77-57AA53CE3985}.Release|x64.ActiveCfg = Release|x64
		{20BE256C-C794-4807-8D77-57AA53CE3985}.Release|x64.Build.0 = Release|x64
		{20BE256C-C794-4807-8D77-57AA53CE3985}.Release|x86.ActiveCfg = Release|Win32
		{20BE256C-C794-4807-8D77-57AA53CE3985}.Release|x86.Build.0 = Release|Win32
		{50C73B9E-EDD6-48D5-9CFB-913F16E7943E}.Debug|x64.ActiveCfg = Debug|x64
		{50C73B9E-EDD6-48D5-9CFB-913F16E7943E}.Debug|x64.Build.0 = Debug|x64
		{50C73B9E-EDD6-48D5-9CFB-913F16E7943E}.Debug|x86.ActiveCfg = Debug|Win32
		{50C73B9E-EDD6-48D5-9CFB-913F16E7943E}.Debug|x86.Build.0 = Debug|Win32
		{50C73B9E-EDD6-48D5-9CFB-913F16E7943E}.Release|x64.ActiveCfg = Release|x64
		{50C73B9E-EDD6-48D5-9CFB-913F16E7943E}.Release|x64.Build.0 = Release|x64
		{50C73B9E-EDD6-48D5-9CFB-913F16E7943E}.Release|x86.ActiveCfg = Release|Win32
		{50C73B9E-EDD6-48D5-9CFB-913F16E7943E}.Release|x86.Build.0 = Release|Win32
	EndGlobalSection
	GlobalSection(SolutionProperties) = preSolution
		HideSolutionNode = FALSE
	EndGlobalSection
EndGlobal
