
Microsoft Visual Studio Solution File, Format Version 12.00
# Visual Studio 15
VisualStudioVersion = 15.0.26228.9
MinimumVisualStudioVersion = 10.0.40219.1
Project("{8BC9CEB8-8B4A-11D0-8D11-00A0C91BC942}") = "Chapter 01", "Chapter 01\Chapter 01.vcxproj", "{3DA734B4-83E9-420C-AEA7-2DBEBC5C2D4F}"
EndProject
Project("{8BC9CEB8-8B4A-11D0-8D11-00A0C91BC942}") = "Chapter 02", "Chapter 02\Chapter 02.vcxproj", "{2F4EED7B-9A4A-42AA-843E-4C90B8158C02}"
EndProject
Project("{8BC9CEB8-8B4A-11D0-8D11-00A0C91BC942}") = "Chapter 03", "Chapter 03\Chapter 03.vcxproj", "{3E46EEF4-20E1-4812-97B4-129C7C32FB4B}"
EndProject
Project("{8BC9CEB8-8B4A-11D0-8D11-00A0C91BC942}") = "Chapter 04", "Chapter 04\Chapter 04.vcxproj", "{A26CD90F-423C-4EF1-AB57-CC51D5F0E6A0}"
EndProject
Project("{8BC9CEB8-8B4A-11D0-8D11-00A0C91BC942}") = "Chapter 05", "Chaper 05\Chaper 05.vcxproj", "{BED91AFB-5363-4B8E-A397-B9207385E7BB}"
EndProject
Project("{8BC9CEB8-8B4A-11D0-8D11-00A0C91BC942}") = "Chapter 06", "Chapter 06\Chapter 06.vcxproj", "{94C1D1BE-CFC6-45B2-BF39-58EED36D48C3}"
EndProject
Project("{8BC9CEB8-8B4A-11D0-8D11-00A0C91BC942}") = "Chapter 07", "Chapter 07\Chapter 07.vcxproj", "{F489FA80-2CB5-4F96-B889-1CED01E7083A}"
EndProject
Project("{8BC9CEB8-8B4A-11D0-8D11-00A0C91BC942}") = "Chapter 08", "Chapter 08\Chapter 08.vcxproj", "{98D31A4C-4EC4-4898-852F-29169BA3CC7B}"
EndProject
Project("{8BC9CEB8-8B4A-11D0-8D11-00A0C91BC942}") = "과제", "과제\과제.vcxproj", "{4CC37B21-22EE-4CC2-B1DA-4286F1B2E1F7}"
EndProject
Project("{8BC9CEB8-8B4A-11D0-8D11-00A0C91BC942}") = "Chapter 09", "Chapter 09\Chapter 09.vcxproj", "{8198C67F-1B38-46A2-A411-9242F0D313C3}"
EndProject
Global
	GlobalSection(SolutionConfigurationPlatforms) = preSolution
		Debug|x64 = Debug|x64
		Debug|x86 = Debug|x86
		Release|x64 = Release|x64
		Release|x86 = Release|x86
	EndGlobalSection
	GlobalSection(ProjectConfigurationPlatforms) = postSolution
		{3DA734B4-83E9-420C-AEA7-2DBEBC5C2D4F}.Debug|x64.ActiveCfg = Debug|x64
		{3DA734B4-83E9-420C-AEA7-2DBEBC5C2D4F}.Debug|x64.Build.0 = Debug|x64
		{3DA734B4-83E9-420C-AEA7-2DBEBC5C2D4F}.Debug|x86.ActiveCfg = Debug|Win32
		{3DA734B4-83E9-420C-AEA7-2DBEBC5C2D4F}.Debug|x86.Build.0 = Debug|Win32
		{3DA734B4-83E9-420C-AEA7-2DBEBC5C2D4F}.Release|x64.ActiveCfg = Release|x64
		{3DA734B4-83E9-420C-AEA7-2DBEBC5C2D4F}.Release|x64.Build.0 = Release|x64
		{3DA734B4-83E9-420C-AEA7-2DBEBC5C2D4F}.Release|x86.ActiveCfg = Release|Win32
		{3DA734B4-83E9-420C-AEA7-2DBEBC5C2D4F}.Release|x86.Build.0 = Release|Win32
		{2F4EED7B-9A4A-42AA-843E-4C90B8158C02}.Debug|x64.ActiveCfg = Debug|x64
		{2F4EED7B-9A4A-42AA-843E-4C90B8158C02}.Debug|x64.Build.0 = Debug|x64
		{2F4EED7B-9A4A-42AA-843E-4C90B8158C02}.Debug|x86.ActiveCfg = Debug|Win32
		{2F4EED7B-9A4A-42AA-843E-4C90B8158C02}.Debug|x86.Build.0 = Debug|Win32
		{2F4EED7B-9A4A-42AA-843E-4C90B8158C02}.Release|x64.ActiveCfg = Release|x64
		{2F4EED7B-9A4A-42AA-843E-4C90B8158C02}.Release|x64.Build.0 = Release|x64
		{2F4EED7B-9A4A-42AA-843E-4C90B8158C02}.Release|x86.ActiveCfg = Release|Win32
		{2F4EED7B-9A4A-42AA-843E-4C90B8158C02}.Release|x86.Build.0 = Release|Win32
		{3E46EEF4-20E1-4812-97B4-129C7C32FB4B}.Debug|x64.ActiveCfg = Debug|x64
		{3E46EEF4-20E1-4812-97B4-129C7C32FB4B}.Debug|x64.Build.0 = Debug|x64
		{3E46EEF4-20E1-4812-97B4-129C7C32FB4B}.Debug|x86.ActiveCfg = Debug|Win32
		{3E46EEF4-20E1-4812-97B4-129C7C32FB4B}.Debug|x86.Build.0 = Debug|Win32
		{3E46EEF4-20E1-4812-97B4-129C7C32FB4B}.Release|x64.ActiveCfg = Release|x64
		{3E46EEF4-20E1-4812-97B4-129C7C32FB4B}.Release|x64.Build.0 = Release|x64
		{3E46EEF4-20E1-4812-97B4-129C7C32FB4B}.Release|x86.ActiveCfg = Release|Win32
		{3E46EEF4-20E1-4812-97B4-129C7C32FB4B}.Release|x86.Build.0 = Release|Win32
		{A26CD90F-423C-4EF1-AB57-CC51D5F0E6A0}.Debug|x64.ActiveCfg = Debug|x64
		{A26CD90F-423C-4EF1-AB57-CC51D5F0E6A0}.Debug|x64.Build.0 = Debug|x64
		{A26CD90F-423C-4EF1-AB57-CC51D5F0E6A0}.Debug|x86.ActiveCfg = Debug|Win32
		{A26CD90F-423C-4EF1-AB57-CC51D5F0E6A0}.Debug|x86.Build.0 = Debug|Win32
		{A26CD90F-423C-4EF1-AB57-CC51D5F0E6A0}.Release|x64.ActiveCfg = Release|x64
		{A26CD90F-423C-4EF1-AB57-CC51D5F0E6A0}.Release|x64.Build.0 = Release|x64
		{A26CD90F-423C-4EF1-AB57-CC51D5F0E6A0}.Release|x86.ActiveCfg = Release|Win32
		{A26CD90F-423C-4EF1-AB57-CC51D5F0E6A0}.Release|x86.Build.0 = Release|Win32
		{BED91AFB-5363-4B8E-A397-B9207385E7BB}.Debug|x64.ActiveCfg = Debug|x64
		{BED91AFB-5363-4B8E-A397-B9207385E7BB}.Debug|x64.Build.0 = Debug|x64
		{BED91AFB-5363-4B8E-A397-B9207385E7BB}.Debug|x86.ActiveCfg = Debug|Win32
		{BED91AFB-5363-4B8E-A397-B9207385E7BB}.Debug|x86.Build.0 = Debug|Win32
		{BED91AFB-5363-4B8E-A397-B9207385E7BB}.Release|x64.ActiveCfg = Release|x64
		{BED91AFB-5363-4B8E-A397-B9207385E7BB}.Release|x64.Build.0 = Release|x64
		{BED91AFB-5363-4B8E-A397-B9207385E7BB}.Release|x86.ActiveCfg = Release|Win32
		{BED91AFB-5363-4B8E-A397-B9207385E7BB}.Release|x86.Build.0 = Release|Win32
		{94C1D1BE-CFC6-45B2-BF39-58EED36D48C3}.Debug|x64.ActiveCfg = Debug|x64
		{94C1D1BE-CFC6-45B2-BF39-58EED36D48C3}.Debug|x64.Build.0 = Debug|x64
		{94C1D1BE-CFC6-45B2-BF39-58EED36D48C3}.Debug|x86.ActiveCfg = Debug|Win32
		{94C1D1BE-CFC6-45B2-BF39-58EED36D48C3}.Debug|x86.Build.0 = Debug|Win32
		{94C1D1BE-CFC6-45B2-BF39-58EED36D48C3}.Release|x64.ActiveCfg = Release|x64
		{94C1D1BE-CFC6-45B2-BF39-58EED36D48C3}.Release|x64.Build.0 = Release|x64
		{94C1D1BE-CFC6-45B2-BF39-58EED36D48C3}.Release|x86.ActiveCfg = Release|Win32
		{94C1D1BE-CFC6-45B2-BF39-58EED36D48C3}.Release|x86.Build.0 = Release|Win32
		{F489FA80-2CB5-4F96-B889-1CED01E7083A}.Debug|x64.ActiveCfg = Debug|x64
		{F489FA80-2CB5-4F96-B889-1CED01E7083A}.Debug|x64.Build.0 = Debug|x64
		{F489FA80-2CB5-4F96-B889-1CED01E7083A}.Debug|x86.ActiveCfg = Debug|Win32
		{F489FA80-2CB5-4F96-B889-1CED01E7083A}.Debug|x86.Build.0 = Debug|Win32
		{F489FA80-2CB5-4F96-B889-1CED01E7083A}.Release|x64.ActiveCfg = Release|x64
		{F489FA80-2CB5-4F96-B889-1CED01E7083A}.Release|x64.Build.0 = Release|x64
		{F489FA80-2CB5-4F96-B889-1CED01E7083A}.Release|x86.ActiveCfg = Release|Win32
		{F489FA80-2CB5-4F96-B889-1CED01E7083A}.Release|x86.Build.0 = Release|Win32
		{98D31A4C-4EC4-4898-852F-29169BA3CC7B}.Debug|x64.ActiveCfg = Debug|x64
		{98D31A4C-4EC4-4898-852F-29169BA3CC7B}.Debug|x64.Build.0 = Debug|x64
		{98D31A4C-4EC4-4898-852F-29169BA3CC7B}.Debug|x86.ActiveCfg = Debug|Win32
		{98D31A4C-4EC4-4898-852F-29169BA3CC7B}.Debug|x86.Build.0 = Debug|Win32
		{98D31A4C-4EC4-4898-852F-29169BA3CC7B}.Release|x64.ActiveCfg = Release|x64
		{98D31A4C-4EC4-4898-852F-29169BA3CC7B}.Release|x64.Build.0 = Release|x64
		{98D31A4C-4EC4-4898-852F-29169BA3CC7B}.Release|x86.ActiveCfg = Release|Win32
		{98D31A4C-4EC4-4898-852F-29169BA3CC7B}.Release|x86.Build.0 = Release|Win32
		{4CC37B21-22EE-4CC2-B1DA-4286F1B2E1F7}.Debug|x64.ActiveCfg = Debug|x64
		{4CC37B21-22EE-4CC2-B1DA-4286F1B2E1F7}.Debug|x64.Build.0 = Debug|x64
		{4CC37B21-22EE-4CC2-B1DA-4286F1B2E1F7}.Debug|x86.ActiveCfg = Debug|Win32
		{4CC37B21-22EE-4CC2-B1DA-4286F1B2E1F7}.Debug|x86.Build.0 = Debug|Win32
		{4CC37B21-22EE-4CC2-B1DA-4286F1B2E1F7}.Release|x64.ActiveCfg = Release|x64
		{4CC37B21-22EE-4CC2-B1DA-4286F1B2E1F7}.Release|x64.Build.0 = Release|x64
		{4CC37B21-22EE-4CC2-B1DA-4286F1B2E1F7}.Release|x86.ActiveCfg = Release|Win32
		{4CC37B21-22EE-4CC2-B1DA-4286F1B2E1F7}.Release|x86.Build.0 = Release|Win32
		{8198C67F-1B38-46A2-A411-9242F0D313C3}.Debug|x64.ActiveCfg = Debug|x64
		{8198C67F-1B38-46A2-A411-9242F0D313C3}.Debug|x64.Build.0 = Debug|x64
		{8198C67F-1B38-46A2-A411-9242F0D313C3}.Debug|x86.ActiveCfg = Debug|Win32
		{8198C67F-1B38-46A2-A411-9242F0D313C3}.Debug|x86.Build.0 = Debug|Win32
		{8198C67F-1B38-46A2-A411-9242F0D313C3}.Release|x64.ActiveCfg = Release|x64
		{8198C67F-1B38-46A2-A411-9242F0D313C3}.Release|x64.Build.0 = Release|x64
		{8198C67F-1B38-46A2-A411-9242F0D313C3}.Release|x86.ActiveCfg = Release|Win32
		{8198C67F-1B38-46A2-A411-9242F0D313C3}.Release|x86.Build.0 = Release|Win32
	EndGlobalSection
	GlobalSection(SolutionProperties) = preSolution
		HideSolutionNode = FALSE
	EndGlobalSection
EndGlobal
