
Microsoft Visual Studio Solution File, Format Version 12.00
# Visual Studio 15
VisualStudioVersion = 15.0.26228.9
MinimumVisualStudioVersion = 10.0.40219.1
Project("{8BC9CEB8-8B4A-11D0-8D11-00A0C91BC942}") = "Chapter 01", "Chapter 01\Chapter 01.vcxproj", "{3DA734B4-83E9-420C-AEA7-2DBEBC5C2D4F}"
EndProject
Project("{8BC9CEB8-8B4A-11D0-8D11-00A0C91BC942}") = "Chapter 02", "Chapter 02\Chapter 02.vcxproj", "{2F4EED7B-9A4A-42AA-843E-4C90B8158C02}"
EndProject
Project("{8BC9CEB8-8B4A-11D0-8D11-00A0C91BC942}") = "Chapter 03", "Chapter 03\Chapter 03.vcxproj", "{3E46EEF4-20E1-4812-97B4-129C7C32FB4B}"
EndProject
Project("{8BC9CEB8-8B4A-11D0-8D11-00A0C91BC942}") = "Chapter 04", "Chapter 04\Chapter 04.vcxproj", "{A26CD90F-423C-4EF1-AB57-CC51D5F0E6A0}"
EndProject
Project("{8BC9CEB8-8B4A-11D0-8D11-00A0C91BC942}") = "Chapter 05", "Chaper 05\Chaper 05.vcxproj", "{BED91AFB-5363-4B8E-A397-B9207385E7BB}"
EndProject
Project("{8BC9CEB8-8B4A-11D0-8D11-00A0C91BC942}") = "Chapter 06", "Chapter 06\Chapter 06.vcxproj", "{94C1D1BE-CFC6-45B2-BF39-58EED36D48C3}"
EndProject
Project("{8BC9CEB8-8B4A-11D0-8D11-00A0C91BC942}") = "Chapter 07", "Chapter 07\Chapter 07.vcxproj", "{F489FA80-2CB5-4F96-B889-1CED01E7083A}"
EndProject
Project("{8BC9CEB8-8B4A-11D0-8D11-00A0C91BC942}") = "Chapter 08", "Chapter 08\Chapter 08.vcxproj", "{98D31A4C-4EC4-4898-852F-29169BA3CC7B}"
EndProject
Project("{8BC9CEB8-8B4A-11D0-8D11-00A0C91BC942}") = "homework", "과제\과제.vcxproj", "{4CC37B21-22EE-4CC2-B1DA-4286F1B2E1F7}"
EndProject
Project("{8BC9CEB8-8B4A-11D0-8D11-00A0C91BC942}") = "Chapter 09", "Chapter 09\Chapter 09.vcxproj", "{8198C67F-1B38-46A2-A411-9242F0D313C3}"
EndProject
Project("{8BC9CEB8-8B4A-11D0-8D11-00A0C91BC942}") = "Chapter 11", "Chapter 11\Chapter 11.vcxproj", "{12619EA4-1ECF-4F68-BFE5-AE9FE10258E5}"
EndProject
Project("{8BC9CEB8-8B4A-11D0-8D11-00A0C91BC942}") = "Chapter 12", "Chapter 12\Chapter 12.vcxproj", "{8FF26BA3-A55F-4379-B476-766B3CBE3CE4}"
EndProject
Project("{8BC9CEB8-8B4A-11D0-8D11-00A0C91BC942}") = "Chapter 13", "Chapter 13\Chapter 13.vcxproj", "{2251740B-CFB4-48EF-803B-73FA272019F6}"
EndProject
Project("{8BC9CEB8-8B4A-11D0-8D11-00A0C91BC942}") = "Chapter 14", "Chapter 14\Chapter 14.vcxproj", "{7FC6B395-CE9E-492B-94C0-64F30CE02855}"
EndProject
Project("{8BC9CEB8-8B4A-11D0-8D11-00A0C91BC942}") = "Game", "Game\Game.vcxproj", "{4B76FD42-CE6B-45CF-9273-89BD46F3B8B5}"
EndProject
Project("{8BC9CEB8-8B4A-11D0-8D11-00A0C91BC942}") = "Chapter 16", "Chapter 15\Chapter 15.vcxproj", "{7206F9B6-0B5B-4FD7-BE6B-A0C360C3CE7B}"
EndProject
Project("{8BC9CEB8-8B4A-11D0-8D11-00A0C91BC942}") = "Chapter 21", "Chapter 21\Chapter 21.vcxproj", "{511D7823-13FD-4952-AE87-B6AEC8C42973}"
EndProject
Project("{8BC9CEB8-8B4A-11D0-8D11-00A0C91BC942}") = "Chapter 22", "Chapter 22\Chapter 22.vcxproj", "{55570C3C-1C5D-4E55-95E9-6DE76C57DCEE}"
EndProject
Project("{8BC9CEB8-8B4A-11D0-8D11-00A0C91BC942}") = "Chapter 23", "Chapter 23\Chapter 23.vcxproj", "{00E36656-15F7-4636-B2A8-A7D4B8068ECA}"
EndProject
Project("{8BC9CEB8-8B4A-11D0-8D11-00A0C91BC942}") = "Chapter 24", "Chapter 24\Chapter 24.vcxproj", "{345D0B2A-3A2B-4A48-B111-BDD7CDB99C58}"
EndProject
Project("{8BC9CEB8-8B4A-11D0-8D11-00A0C91BC942}") = "Chapter 25", "Chapter 25\Chapter 25.vcxproj", "{4B1BE5AB-0911-4F95-8AFC-FA7F6DDC9A39}"
EndProject
Project("{8BC9CEB8-8B4A-11D0-8D11-00A0C91BC942}") = "Chapter 26", "Chapter 26\Chapter 26.vcxproj", "{D5037217-DA27-4CAC-AC7D-8C81F4E6FC1B}"
EndProject
Project("{8BC9CEB8-8B4A-11D0-8D11-00A0C91BC942}") = "Exam-STL-verctor", "..\Vector\Vector\Vector.vcxproj", "{A43C70F3-A2B8-446E-A86D-75228EC97001}"
EndProject
Global
	GlobalSection(SolutionConfigurationPlatforms) = preSolution
		Debug|x64 = Debug|x64
		Debug|x86 = Debug|x86
		Release|x64 = Release|x64
		Release|x86 = Release|x86
	EndGlobalSection
	GlobalSection(ProjectConfigurationPlatforms) = postSolution
		{3DA734B4-83E9-420C-AEA7-2DBEBC5C2D4F}.Debug|x64.ActiveCfg = Debug|x64
		{3DA734B4-83E9-420C-AEA7-2DBEBC5C2D4F}.Debug|x64.Build.0 = Debug|x64
		{3DA734B4-83E9-420C-AEA7-2DBEBC5C2D4F}.Debug|x86.ActiveCfg = Debug|Win32
		{3DA734B4-83E9-420C-AEA7-2DBEBC5C2D4F}.Debug|x86.Build.0 = Debug|Win32
		{3DA734B4-83E9-420C-AEA7-2DBEBC5C2D4F}.Release|x64.ActiveCfg = Release|x64
		{3DA734B4-83E9-420C-AEA7-2DBEBC5C2D4F}.Release|x64.Build.0 = Release|x64
		{3DA734B4-83E9-420C-AEA7-2DBEBC5C2D4F}.Release|x86.ActiveCfg = Release|Win32
		{3DA734B4-83E9-420C-AEA7-2DBEBC5C2D4F}.Release|x86.Build.0 = Release|Win32
		{2F4EED7B-9A4A-42AA-843E-4C90B8158C02}.Debug|x64.ActiveCfg = Debug|x64
		{2F4EED7B-9A4A-42AA-843E-4C90B8158C02}.Debug|x64.Build.0 = Debug|x64
		{2F4EED7B-9A4A-42AA-843E-4C90B8158C02}.Debug|x86.ActiveCfg = Debug|Win32
		{2F4EED7B-9A4A-42AA-843E-4C90B8158C02}.Debug|x86.Build.0 = Debug|Win32
		{2F4EED7B-9A4A-42AA-843E-4C90B8158C02}.Release|x64.ActiveCfg = Release|x64
		{2F4EED7B-9A4A-42AA-843E-4C90B8158C02}.Release|x64.Build.0 = Release|x64
		{2F4EED7B-9A4A-42AA-843E-4C90B8158C02}.Release|x86.ActiveCfg = Release|Win32
		{2F4EED7B-9A4A-42AA-843E-4C90B8158C02}.Release|x86.Build.0 = Release|Win32
		{3E46EEF4-20E1-4812-97B4-129C7C32FB4B}.Debug|x64.ActiveCfg = Debug|x64
		{3E46EEF4-20E1-4812-97B4-129C7C32FB4B}.Debug|x64.Build.0 = Debug|x64
		{3E46EEF4-20E1-4812-97B4-129C7C32FB4B}.Debug|x86.ActiveCfg = Debug|Win32
		{3E46EEF4-20E1-4812-97B4-129C7C32FB4B}.Debug|x86.Build.0 = Debug|Win32
		{3E46EEF4-20E1-4812-97B4-129C7C32FB4B}.Release|x64.ActiveCfg = Release|x64
		{3E46EEF4-20E1-4812-97B4-129C7C32FB4B}.Release|x64.Build.0 = Release|x64
		{3E46EEF4-20E1-4812-97B4-129C7C32FB4B}.Release|x86.ActiveCfg = Release|Win32
		{3E46EEF4-20E1-4812-97B4-129C7C32FB4B}.Release|x86.Build.0 = Release|Win32
		{A26CD90F-423C-4EF1-AB57-CC51D5F0E6A0}.Debug|x64.ActiveCfg = Debug|x64
		{A26CD90F-423C-4EF1-AB57-CC51D5F0E6A0}.Debug|x64.Build.0 = Debug|x64
		{A26CD90F-423C-4EF1-AB57-CC51D5F0E6A0}.Debug|x86.ActiveCfg = Debug|Win32
		{A26CD90F-423C-4EF1-AB57-CC51D5F0E6A0}.Debug|x86.Build.0 = Debug|Win32
		{A26CD90F-423C-4EF1-AB57-CC51D5F0E6A0}.Release|x64.ActiveCfg = Release|x64
		{A26CD90F-423C-4EF1-AB57-CC51D5F0E6A0}.Release|x64.Build.0 = Release|x64
		{A26CD90F-423C-4EF1-AB57-CC51D5F0E6A0}.Release|x86.ActiveCfg = Release|Win32
		{A26CD90F-423C-4EF1-AB57-CC51D5F0E6A0}.Release|x86.Build.0 = Release|Win32
		{BED91AFB-5363-4B8E-A397-B9207385E7BB}.Debug|x64.ActiveCfg = Debug|x64
		{BED91AFB-5363-4B8E-A397-B9207385E7BB}.Debug|x64.Build.0 = Debug|x64
		{BED91AFB-5363-4B8E-A397-B9207385E7BB}.Debug|x86.ActiveCfg = Debug|Win32
		{BED91AFB-5363-4B8E-A397-B9207385E7BB}.Debug|x86.Build.0 = Debug|Win32
		{BED91AFB-5363-4B8E-A397-B9207385E7BB}.Release|x64.ActiveCfg = Release|x64
		{BED91AFB-5363-4B8E-A397-B9207385E7BB}.Release|x64.Build.0 = Release|x64
		{BED91AFB-5363-4B8E-A397-B9207385E7BB}.Release|x86.ActiveCfg = Release|Win32
		{BED91AFB-5363-4B8E-A397-B9207385E7BB}.Release|x86.Build.0 = Release|Win32
		{94C1D1BE-CFC6-45B2-BF39-58EED36D48C3}.Debug|x64.ActiveCfg = Debug|x64
		{94C1D1BE-CFC6-45B2-BF39-58EED36D48C3}.Debug|x64.Build.0 = Debug|x64
		{94C1D1BE-CFC6-45B2-BF39-58EED36D48C3}.Debug|x86.ActiveCfg = Debug|Win32
		{94C1D1BE-CFC6-45B2-BF39-58EED36D48C3}.Debug|x86.Build.0 = Debug|Win32
		{94C1D1BE-CFC6-45B2-BF39-58EED36D48C3}.Release|x64.ActiveCfg = Release|x64
		{94C1D1BE-CFC6-45B2-BF39-58EED36D48C3}.Release|x64.Build.0 = Release|x64
		{94C1D1BE-CFC6-45B2-BF39-58EED36D48C3}.Release|x86.ActiveCfg = Release|Win32
		{94C1D1BE-CFC6-45B2-BF39-58EED36D48C3}.Release|x86.Build.0 = Release|Win32
		{F489FA80-2CB5-4F96-B889-1CED01E7083A}.Debug|x64.ActiveCfg = Debug|x64
		{F489FA80-2CB5-4F96-B889-1CED01E7083A}.Debug|x64.Build.0 = Debug|x64
		{F489FA80-2CB5-4F96-B889-1CED01E7083A}.Debug|x86.ActiveCfg = Debug|Win32
		{F489FA80-2CB5-4F96-B889-1CED01E7083A}.Debug|x86.Build.0 = Debug|Win32
		{F489FA80-2CB5-4F96-B889-1CED01E7083A}.Release|x64.ActiveCfg = Release|x64
		{F489FA80-2CB5-4F96-B889-1CED01E7083A}.Release|x64.Build.0 = Release|x64
		{F489FA80-2CB5-4F96-B889-1CED01E7083A}.Release|x86.ActiveCfg = Release|Win32
		{F489FA80-2CB5-4F96-B889-1CED01E7083A}.Release|x86.Build.0 = Release|Win32
		{98D31A4C-4EC4-4898-852F-29169BA3CC7B}.Debug|x64.ActiveCfg = Debug|x64
		{98D31A4C-4EC4-4898-852F-29169BA3CC7B}.Debug|x64.Build.0 = Debug|x64
		{98D31A4C-4EC4-4898-852F-29169BA3CC7B}.Debug|x86.ActiveCfg = Debug|Win32
		{98D31A4C-4EC4-4898-852F-29169BA3CC7B}.Debug|x86.Build.0 = Debug|Win32
		{98D31A4C-4EC4-4898-852F-29169BA3CC7B}.Release|x64.ActiveCfg = Release|x64
		{98D31A4C-4EC4-4898-852F-29169BA3CC7B}.Release|x64.Build.0 = Release|x64
		{98D31A4C-4EC4-4898-852F-29169BA3CC7B}.Release|x86.ActiveCfg = Release|Win32
		{98D31A4C-4EC4-4898-852F-29169BA3CC7B}.Release|x86.Build.0 = Release|Win32
		{4CC37B21-22EE-4CC2-B1DA-4286F1B2E1F7}.Debug|x64.ActiveCfg = Debug|x64
		{4CC37B21-22EE-4CC2-B1DA-4286F1B2E1F7}.Debug|x64.Build.0 = Debug|x64
		{4CC37B21-22EE-4CC2-B1DA-4286F1B2E1F7}.Debug|x86.ActiveCfg = Debug|Win32
		{4CC37B21-22EE-4CC2-B1DA-4286F1B2E1F7}.Debug|x86.Build.0 = Debug|Win32
		{4CC37B21-22EE-4CC2-B1DA-4286F1B2E1F7}.Release|x64.ActiveCfg = Release|x64
		{4CC37B21-22EE-4CC2-B1DA-4286F1B2E1F7}.Release|x64.Build.0 = Release|x64
		{4CC37B21-22EE-4CC2-B1DA-4286F1B2E1F7}.Release|x86.ActiveCfg = Release|Win32
		{4CC37B21-22EE-4CC2-B1DA-4286F1B2E1F7}.Release|x86.Build.0 = Release|Win32
		{8198C67F-1B38-46A2-A411-9242F0D313C3}.Debug|x64.ActiveCfg = Debug|x64
		{8198C67F-1B38-46A2-A411-9242F0D313C3}.Debug|x64.Build.0 = Debug|x64
		{8198C67F-1B38-46A2-A411-9242F0D313C3}.Debug|x86.ActiveCfg = Debug|Win32
		{8198C67F-1B38-46A2-A411-9242F0D313C3}.Debug|x86.Build.0 = Debug|Win32
		{8198C67F-1B38-46A2-A411-9242F0D313C3}.Release|x64.ActiveCfg = Release|x64
		{8198C67F-1B38-46A2-A411-9242F0D313C3}.Release|x64.Build.0 = Release|x64
		{8198C67F-1B38-46A2-A411-9242F0D313C3}.Release|x86.ActiveCfg = Release|Win32
		{8198C67F-1B38-46A2-A411-9242F0D313C3}.Release|x86.Build.0 = Release|Win32
		{12619EA4-1ECF-4F68-BFE5-AE9FE10258E5}.Debug|x64.ActiveCfg = Debug|x64
		{12619EA4-1ECF-4F68-BFE5-AE9FE10258E5}.Debug|x64.Build.0 = Debug|x64
		{12619EA4-1ECF-4F68-BFE5-AE9FE10258E5}.Debug|x86.ActiveCfg = Debug|Win32
		{12619EA4-1ECF-4F68-BFE5-AE9FE10258E5}.Debug|x86.Build.0 = Debug|Win32
		{12619EA4-1ECF-4F68-BFE5-AE9FE10258E5}.Release|x64.ActiveCfg = Release|x64
		{12619EA4-1ECF-4F68-BFE5-AE9FE10258E5}.Release|x64.Build.0 = Release|x64
		{12619EA4-1ECF-4F68-BFE5-AE9FE10258E5}.Release|x86.ActiveCfg = Release|Win32
		{12619EA4-1ECF-4F68-BFE5-AE9FE10258E5}.Release|x86.Build.0 = Release|Win32
		{8FF26BA3-A55F-4379-B476-766B3CBE3CE4}.Debug|x64.ActiveCfg = Debug|x64
		{8FF26BA3-A55F-4379-B476-766B3CBE3CE4}.Debug|x64.Build.0 = Debug|x64
		{8FF26BA3-A55F-4379-B476-766B3CBE3CE4}.Debug|x86.ActiveCfg = Debug|Win32
		{8FF26BA3-A55F-4379-B476-766B3CBE3CE4}.Debug|x86.Build.0 = Debug|Win32
		{8FF26BA3-A55F-4379-B476-766B3CBE3CE4}.Release|x64.ActiveCfg = Release|x64
		{8FF26BA3-A55F-4379-B476-766B3CBE3CE4}.Release|x64.Build.0 = Release|x64
		{8FF26BA3-A55F-4379-B476-766B3CBE3CE4}.Release|x86.ActiveCfg = Release|Win32
		{8FF26BA3-A55F-4379-B476-766B3CBE3CE4}.Release|x86.Build.0 = Release|Win32
		{2251740B-CFB4-48EF-803B-73FA272019F6}.Debug|x64.ActiveCfg = Debug|x64
		{2251740B-CFB4-48EF-803B-73FA272019F6}.Debug|x64.Build.0 = Debug|x64
		{2251740B-CFB4-48EF-803B-73FA272019F6}.Debug|x86.ActiveCfg = Debug|Win32
		{2251740B-CFB4-48EF-803B-73FA272019F6}.Debug|x86.Build.0 = Debug|Win32
		{2251740B-CFB4-48EF-803B-73FA272019F6}.Release|x64.ActiveCfg = Release|x64
		{2251740B-CFB4-48EF-803B-73FA272019F6}.Release|x64.Build.0 = Release|x64
		{2251740B-CFB4-48EF-803B-73FA272019F6}.Release|x86.ActiveCfg = Release|Win32
		{2251740B-CFB4-48EF-803B-73FA272019F6}.Release|x86.Build.0 = Release|Win32
		{7FC6B395-CE9E-492B-94C0-64F30CE02855}.Debug|x64.ActiveCfg = Debug|x64
		{7FC6B395-CE9E-492B-94C0-64F30CE02855}.Debug|x64.Build.0 = Debug|x64
		{7FC6B395-CE9E-492B-94C0-64F30CE02855}.Debug|x86.ActiveCfg = Debug|Win32
		{7FC6B395-CE9E-492B-94C0-64F30CE02855}.Debug|x86.Build.0 = Debug|Win32
		{7FC6B395-CE9E-492B-94C0-64F30CE02855}.Release|x64.ActiveCfg = Release|x64
		{7FC6B395-CE9E-492B-94C0-64F30CE02855}.Release|x64.Build.0 = Release|x64
		{7FC6B395-CE9E-492B-94C0-64F30CE02855}.Release|x86.ActiveCfg = Release|Win32
		{7FC6B395-CE9E-492B-94C0-64F30CE02855}.Release|x86.Build.0 = Release|Win32
		{4B76FD42-CE6B-45CF-9273-89BD46F3B8B5}.Debug|x64.ActiveCfg = Debug|x64
		{4B76FD42-CE6B-45CF-9273-89BD46F3B8B5}.Debug|x64.Build.0 = Debug|x64
		{4B76FD42-CE6B-45CF-9273-89BD46F3B8B5}.Debug|x86.ActiveCfg = Debug|Win32
		{4B76FD42-CE6B-45CF-9273-89BD46F3B8B5}.Debug|x86.Build.0 = Debug|Win32
		{4B76FD42-CE6B-45CF-9273-89BD46F3B8B5}.Release|x64.ActiveCfg = Release|x64
		{4B76FD42-CE6B-45CF-9273-89BD46F3B8B5}.Release|x64.Build.0 = Release|x64
		{4B76FD42-CE6B-45CF-9273-89BD46F3B8B5}.Release|x86.ActiveCfg = Release|Win32
		{4B76FD42-CE6B-45CF-9273-89BD46F3B8B5}.Release|x86.Build.0 = Release|Win32
		{7206F9B6-0B5B-4FD7-BE6B-A0C360C3CE7B}.Debug|x64.ActiveCfg = Debug|x64
		{7206F9B6-0B5B-4FD7-BE6B-A0C360C3CE7B}.Debug|x64.Build.0 = Debug|x64
		{7206F9B6-0B5B-4FD7-BE6B-A0C360C3CE7B}.Debug|x86.ActiveCfg = Debug|Win32
		{7206F9B6-0B5B-4FD7-BE6B-A0C360C3CE7B}.Debug|x86.Build.0 = Debug|Win32
		{7206F9B6-0B5B-4FD7-BE6B-A0C360C3CE7B}.Release|x64.ActiveCfg = Release|x64
		{7206F9B6-0B5B-4FD7-BE6B-A0C360C3CE7B}.Release|x64.Build.0 = Release|x64
		{7206F9B6-0B5B-4FD7-BE6B-A0C360C3CE7B}.Release|x86.ActiveCfg = Release|Win32
		{7206F9B6-0B5B-4FD7-BE6B-A0C360C3CE7B}.Release|x86.Build.0 = Release|Win32
		{511D7823-13FD-4952-AE87-B6AEC8C42973}.Debug|x64.ActiveCfg = Debug|x64
		{511D7823-13FD-4952-AE87-B6AEC8C42973}.Debug|x64.Build.0 = Debug|x64
		{511D7823-13FD-4952-AE87-B6AEC8C42973}.Debug|x86.ActiveCfg = Debug|Win32
		{511D7823-13FD-4952-AE87-B6AEC8C42973}.Debug|x86.Build.0 = Debug|Win32
		{511D7823-13FD-4952-AE87-B6AEC8C42973}.Release|x64.ActiveCfg = Release|x64
		{511D7823-13FD-4952-AE87-B6AEC8C42973}.Release|x64.Build.0 = Release|x64
		{511D7823-13FD-4952-AE87-B6AEC8C42973}.Release|x86.ActiveCfg = Release|Win32
		{511D7823-13FD-4952-AE87-B6AEC8C42973}.Release|x86.Build.0 = Release|Win32
		{55570C3C-1C5D-4E55-95E9-6DE76C57DCEE}.Debug|x64.ActiveCfg = Debug|x64
		{55570C3C-1C5D-4E55-95E9-6DE76C57DCEE}.Debug|x64.Build.0 = Debug|x64
		{55570C3C-1C5D-4E55-95E9-6DE76C57DCEE}.Debug|x86.ActiveCfg = Debug|Win32
		{55570C3C-1C5D-4E55-95E9-6DE76C57DCEE}.Debug|x86.Build.0 = Debug|Win32
		{55570C3C-1C5D-4E55-95E9-6DE76C57DCEE}.Release|x64.ActiveCfg = Release|x64
		{55570C3C-1C5D-4E55-95E9-6DE76C57DCEE}.Release|x64.Build.0 = Release|x64
		{55570C3C-1C5D-4E55-95E9-6DE76C57DCEE}.Release|x86.ActiveCfg = Release|Win32
		{55570C3C-1C5D-4E55-95E9-6DE76C57DCEE}.Release|x86.Build.0 = Release|Win32
		{00E36656-15F7-4636-B2A8-A7D4B8068ECA}.Debug|x64.ActiveCfg = Debug|x64
		{00E36656-15F7-4636-B2A8-A7D4B8068ECA}.Debug|x64.Build.0 = Debug|x64
		{00E36656-15F7-4636-B2A8-A7D4B8068ECA}.Debug|x86.ActiveCfg = Debug|Win32
		{00E36656-15F7-4636-B2A8-A7D4B8068ECA}.Debug|x86.Build.0 = Debug|Win32
		{00E36656-15F7-4636-B2A8-A7D4B8068ECA}.Release|x64.ActiveCfg = Release|x64
		{00E36656-15F7-4636-B2A8-A7D4B8068ECA}.Release|x64.Build.0 = Release|x64
		{00E36656-15F7-4636-B2A8-A7D4B8068ECA}.Release|x86.ActiveCfg = Release|Win32
		{00E36656-15F7-4636-B2A8-A7D4B8068ECA}.Release|x86.Build.0 = Release|Win32
		{345D0B2A-3A2B-4A48-B111-BDD7CDB99C58}.Debug|x64.ActiveCfg = Debug|x64
		{345D0B2A-3A2B-4A48-B111-BDD7CDB99C58}.Debug|x64.Build.0 = Debug|x64
		{345D0B2A-3A2B-4A48-B111-BDD7CDB99C58}.Debug|x86.ActiveCfg = Debug|Win32
		{345D0B2A-3A2B-4A48-B111-BDD7CDB99C58}.Debug|x86.Build.0 = Debug|Win32
		{345D0B2A-3A2B-4A48-B111-BDD7CDB99C58}.Release|x64.ActiveCfg = Release|x64
		{345D0B2A-3A2B-4A48-B111-BDD7CDB99C58}.Release|x64.Build.0 = Release|x64
		{345D0B2A-3A2B-4A48-B111-BDD7CDB99C58}.Release|x86.ActiveCfg = Release|Win32
		{345D0B2A-3A2B-4A48-B111-BDD7CDB99C58}.Release|x86.Build.0 = Release|Win32
		{4B1BE5AB-0911-4F95-8AFC-FA7F6DDC9A39}.Debug|x64.ActiveCfg = Debug|x64
		{4B1BE5AB-0911-4F95-8AFC-FA7F6DDC9A39}.Debug|x64.Build.0 = Debug|x64
		{4B1BE5AB-0911-4F95-8AFC-FA7F6DDC9A39}.Debug|x86.ActiveCfg = Debug|Win32
		{4B1BE5AB-0911-4F95-8AFC-FA7F6DDC9A39}.Debug|x86.Build.0 = Debug|Win32
		{4B1BE5AB-0911-4F95-8AFC-FA7F6DDC9A39}.Release|x64.ActiveCfg = Release|x64
		{4B1BE5AB-0911-4F95-8AFC-FA7F6DDC9A39}.Release|x64.Build.0 = Release|x64
		{4B1BE5AB-0911-4F95-8AFC-FA7F6DDC9A39}.Release|x86.ActiveCfg = Release|Win32
		{4B1BE5AB-0911-4F95-8AFC-FA7F6DDC9A39}.Release|x86.Build.0 = Release|Win32
		{D5037217-DA27-4CAC-AC7D-8C81F4E6FC1B}.Debug|x64.ActiveCfg = Debug|x64
		{D5037217-DA27-4CAC-AC7D-8C81F4E6FC1B}.Debug|x64.Build.0 = Debug|x64
		{D5037217-DA27-4CAC-AC7D-8C81F4E6FC1B}.Debug|x86.ActiveCfg = Debug|Win32
		{D5037217-DA27-4CAC-AC7D-8C81F4E6FC1B}.Debug|x86.Build.0 = Debug|Win32
		{D5037217-DA27-4CAC-AC7D-8C81F4E6FC1B}.Release|x64.ActiveCfg = Release|x64
		{D5037217-DA27-4CAC-AC7D-8C81F4E6FC1B}.Release|x64.Build.0 = Release|x64
		{D5037217-DA27-4CAC-AC7D-8C81F4E6FC1B}.Release|x86.ActiveCfg = Release|Win32
		{D5037217-DA27-4CAC-AC7D-8C81F4E6FC1B}.Release|x86.Build.0 = Release|Win32
		{A43C70F3-A2B8-446E-A86D-75228EC97001}.Debug|x64.ActiveCfg = Debug|x64
		{A43C70F3-A2B8-446E-A86D-75228EC97001}.Debug|x64.Build.0 = Debug|x64
		{A43C70F3-A2B8-446E-A86D-75228EC97001}.Debug|x86.ActiveCfg = Debug|Win32
		{A43C70F3-A2B8-446E-A86D-75228EC97001}.Debug|x86.Build.0 = Debug|Win32
		{A43C70F3-A2B8-446E-A86D-75228EC97001}.Release|x64.ActiveCfg = Release|x64
		{A43C70F3-A2B8-446E-A86D-75228EC97001}.Release|x64.Build.0 = Release|x64
		{A43C70F3-A2B8-446E-A86D-75228EC97001}.Release|x86.ActiveCfg = Release|Win32
		{A43C70F3-A2B8-446E-A86D-75228EC97001}.Release|x86.Build.0 = Release|Win32
	EndGlobalSection
	GlobalSection(SolutionProperties) = preSolution
		HideSolutionNode = FALSE
	EndGlobalSection
EndGlobal
